
Microsoft Visual Studio Solution File, Format Version 12.00
# Visual Studio Version 16
VisualStudioVersion = 16.0.31515.178
MinimumVisualStudioVersion = 10.0.40219.1
Project("{FAE04EC0-301F-11D3-BF4B-00C04F79EFBC}") = "Tarea5V1", "Tarea5V1\Tarea5V1.csproj", "{C17E2542-B5AC-4EB6-9AC3-ACD2C7B66CDD}"
EndProject
Project("{FAE04EC0-301F-11D3-BF4B-00C04F79EFBC}") = "CapaDatos", "CapaDatos\CapaDatos.csproj", "{A6F85764-4ECC-4CFB-9FF7-9886635EFBB0}"
EndProject
Project("{FAE04EC0-301F-11D3-BF4B-00C04F79EFBC}") = "CapaNegocios", "CapaNegocios\CapaNegocios.csproj", "{513A29F4-E5A3-4E49-BB0B-3479896D0963}"
EndProject
Global
	GlobalSection(SolutionConfigurationPlatforms) = preSolution
		Debug|Any CPU = Debug|Any CPU
		Release|Any CPU = Release|Any CPU
	EndGlobalSection
	GlobalSection(ProjectConfigurationPlatforms) = postSolution
		{C17E2542-B5AC-4EB6-9AC3-ACD2C7B66CDD}.Debug|Any CPU.ActiveCfg = Debug|Any CPU
		{C17E2542-B5AC-4EB6-9AC3-ACD2C7B66CDD}.Debug|Any CPU.Build.0 = Debug|Any CPU
		{C17E2542-B5AC-4EB6-9AC3-ACD2C7B66CDD}.Release|Any CPU.ActiveCfg = Release|Any CPU
		{C17E2542-B5AC-4EB6-9AC3-ACD2C7B66CDD}.Release|Any CPU.Build.0 = Release|Any CPU
		{A6F85764-4ECC-4CFB-9FF7-9886635EFBB0}.Debug|Any CPU.ActiveCfg = Debug|Any CPU
		{A6F85764-4ECC-4CFB-9FF7-9886635EFBB0}.Debug|Any CPU.Build.0 = Debug|Any CPU
		{A6F85764-4ECC-4CFB-9FF7-9886635EFBB0}.Release|Any CPU.ActiveCfg = Release|Any CPU
		{A6F85764-4ECC-4CFB-9FF7-9886635EFBB0}.Release|Any CPU.Build.0 = Release|Any CPU
		{513A29F4-E5A3-4E49-BB0B-3479896D0963}.Debug|Any CPU.ActiveCfg = Debug|Any CPU
		{513A29F4-E5A3-4E49-BB0B-3479896D0963}.Debug|Any CPU.Build.0 = Debug|Any CPU
		{513A29F4-E5A3-4E49-BB0B-3479896D0963}.Release|Any CPU.ActiveCfg = Release|Any CPU
		{513A29F4-E5A3-4E49-BB0B-3479896D0963}.Release|Any CPU.Build.0 = Release|Any CPU
	EndGlobalSection
	GlobalSection(SolutionProperties) = preSolution
		HideSolutionNode = FALSE
	EndGlobalSection
	GlobalSection(ExtensibilityGlobals) = postSolution
		SolutionGuid = {502B489A-279C-44F6-B543-43C997FF3DA5}
	EndGlobalSection
EndGlobal
